
Microsoft Visual Studio Solution File, Format Version 12.00
# Visual Studio Version 17
VisualStudioVersion = 17.0.32014.148
MinimumVisualStudioVersion = 10.0.40219.1
Project("{9A19103F-16F7-4668-BE54-9A1E7A4F7556}") = "DixRacing.API", "DixRacing.API\DixRacing.API.csproj", "{0FB86595-22BB-499E-8076-B84396B5FE7E}"
EndProject
Project("{9A19103F-16F7-4668-BE54-9A1E7A4F7556}") = "DixRacing.Workers", "DixRacing.Workers\DixRacing.Workers.csproj", "{7250AB1A-55DB-4718-AC42-1FCCCDCCB8FF}"
EndProject
Project("{9A19103F-16F7-4668-BE54-9A1E7A4F7556}") = "DixRacing.Domain", "DixRacing.Domain\DixRacing.Domain.csproj", "{0B24449F-BDCF-42BD-ADB7-6A53D56461E6}"
EndProject
Project("{9A19103F-16F7-4668-BE54-9A1E7A4F7556}") = "DixRacing.DataAccess", "DixRacing.DataAccess\DixRacing.DataAccess.csproj", "{8ED662B7-927D-4F50-A499-A35D9FC7014D}"
EndProject
Project("{FAE04EC0-301F-11D3-BF4B-00C04F79EFBC}") = "DixRacing.Application", "DixRacing.Application\DixRacing.Application.csproj", "{A115C806-C0AF-43AD-B1E4-D6F55580BD82}"
EndProject
Global
	GlobalSection(SolutionConfigurationPlatforms) = preSolution
		Debug|Any CPU = Debug|Any CPU
		Release|Any CPU = Release|Any CPU
	EndGlobalSection
	GlobalSection(ProjectConfigurationPlatforms) = postSolution
		{0FB86595-22BB-499E-8076-B84396B5FE7E}.Debug|Any CPU.ActiveCfg = Debug|Any CPU
		{0FB86595-22BB-499E-8076-B84396B5FE7E}.Debug|Any CPU.Build.0 = Debug|Any CPU
		{0FB86595-22BB-499E-8076-B84396B5FE7E}.Release|Any CPU.ActiveCfg = Release|Any CPU
		{0FB86595-22BB-499E-8076-B84396B5FE7E}.Release|Any CPU.Build.0 = Release|Any CPU
		{AD3A2DBE-02AC-4C8B-B3C3-5C22E30F30F9}.Debug|Any CPU.ActiveCfg = Debug|Any CPU
		{AD3A2DBE-02AC-4C8B-B3C3-5C22E30F30F9}.Debug|Any CPU.Build.0 = Debug|Any CPU
		{AD3A2DBE-02AC-4C8B-B3C3-5C22E30F30F9}.Release|Any CPU.ActiveCfg = Release|Any CPU
		{AD3A2DBE-02AC-4C8B-B3C3-5C22E30F30F9}.Release|Any CPU.Build.0 = Release|Any CPU
		{7250AB1A-55DB-4718-AC42-1FCCCDCCB8FF}.Debug|Any CPU.ActiveCfg = Debug|Any CPU
		{7250AB1A-55DB-4718-AC42-1FCCCDCCB8FF}.Debug|Any CPU.Build.0 = Debug|Any CPU
		{7250AB1A-55DB-4718-AC42-1FCCCDCCB8FF}.Release|Any CPU.ActiveCfg = Release|Any CPU
		{7250AB1A-55DB-4718-AC42-1FCCCDCCB8FF}.Release|Any CPU.Build.0 = Release|Any CPU
		{0B24449F-BDCF-42BD-ADB7-6A53D56461E6}.Debug|Any CPU.ActiveCfg = Debug|Any CPU
		{0B24449F-BDCF-42BD-ADB7-6A53D56461E6}.Debug|Any CPU.Build.0 = Debug|Any CPU
		{0B24449F-BDCF-42BD-ADB7-6A53D56461E6}.Release|Any CPU.ActiveCfg = Release|Any CPU
		{0B24449F-BDCF-42BD-ADB7-6A53D56461E6}.Release|Any CPU.Build.0 = Release|Any CPU
		{8ED662B7-927D-4F50-A499-A35D9FC7014D}.Debug|Any CPU.ActiveCfg = Debug|Any CPU
		{8ED662B7-927D-4F50-A499-A35D9FC7014D}.Debug|Any CPU.Build.0 = Debug|Any CPU
		{8ED662B7-927D-4F50-A499-A35D9FC7014D}.Release|Any CPU.ActiveCfg = Release|Any CPU
		{8ED662B7-927D-4F50-A499-A35D9FC7014D}.Release|Any CPU.Build.0 = Release|Any CPU
		{A115C806-C0AF-43AD-B1E4-D6F55580BD82}.Debug|Any CPU.ActiveCfg = Debug|Any CPU
		{A115C806-C0AF-43AD-B1E4-D6F55580BD82}.Debug|Any CPU.Build.0 = Debug|Any CPU
		{A115C806-C0AF-43AD-B1E4-D6F55580BD82}.Release|Any CPU.ActiveCfg = Release|Any CPU
		{A115C806-C0AF-43AD-B1E4-D6F55580BD82}.Release|Any CPU.Build.0 = Release|Any CPU
	EndGlobalSection
	GlobalSection(SolutionProperties) = preSolution
		HideSolutionNode = FALSE
	EndGlobalSection
	GlobalSection(ExtensibilityGlobals) = postSolution
		SolutionGuid = {4D1C0CEA-BF41-4EED-A9E0-0CAD0C79CD9F}
	EndGlobalSection
EndGlobal
